// !$*UTF8*$!
{
	archiveVersion = 1;
	classes = {
	};
	objectVersion = 50;
	objects = {

/* Begin PBXBuildFile section */
		EE54C82225C4C60E00953AD8 /* AppDelegate.swift in Sources */ = {isa = PBXBuildFile; fileRef = EE54C82125C4C60E00953AD8 /* AppDelegate.swift */; };
		EE54C82425C4C60E00953AD8 /* SceneDelegate.swift in Sources */ = {isa = PBXBuildFile; fileRef = EE54C82325C4C60E00953AD8 /* SceneDelegate.swift */; };
		EE54C82625C4C60E00953AD8 /* ViewController.swift in Sources */ = {isa = PBXBuildFile; fileRef = EE54C82525C4C60E00953AD8 /* ViewController.swift */; };
		EE54C82925C4C60E00953AD8 /* Main.storyboard in Resources */ = {isa = PBXBuildFile; fileRef = EE54C82725C4C60E00953AD8 /* Main.storyboard */; };
		EE54C82C25C4C60E00953AD8 /* note_MohaliAle_ios.xcdatamodeld in Sources */ = {isa = PBXBuildFile; fileRef = EE54C82A25C4C60E00953AD8 /* note_MohaliAle_ios.xcdatamodeld */; };
		EE54C82E25C4C61400953AD8 /* Assets.xcassets in Resources */ = {isa = PBXBuildFile; fileRef = EE54C82D25C4C61400953AD8 /* Assets.xcassets */; };
		EE54C83125C4C61400953AD8 /* LaunchScreen.storyboard in Resources */ = {isa = PBXBuildFile; fileRef = EE54C82F25C4C61400953AD8 /* LaunchScreen.storyboard */; };
		EE54C83C25C4C61400953AD8 /* note_MohaliAle_iosTests.swift in Sources */ = {isa = PBXBuildFile; fileRef = EE54C83B25C4C61400953AD8 /* note_MohaliAle_iosTests.swift */; };
		EE54C84725C4C61400953AD8 /* note_MohaliAle_iosUITests.swift in Sources */ = {isa = PBXBuildFile; fileRef = EE54C84625C4C61400953AD8 /* note_MohaliAle_iosUITests.swift */; };
/* End PBXBuildFile section */

/* Begin PBXContainerItemProxy section */
		EE54C83825C4C61400953AD8 /* PBXContainerItemProxy */ = {
			isa = PBXContainerItemProxy;
			containerPortal = EE54C81625C4C60E00953AD8 /* Project object */;
			proxyType = 1;
			remoteGlobalIDString = EE54C81D25C4C60E00953AD8;
			remoteInfo = note_MohaliAle_ios;
		};
		EE54C84325C4C61400953AD8 /* PBXContainerItemProxy */ = {
			isa = PBXContainerItemProxy;
			containerPortal = EE54C81625C4C60E00953AD8 /* Project object */;
			proxyType = 1;
			remoteGlobalIDString = EE54C81D25C4C60E00953AD8;
			remoteInfo = note_MohaliAle_ios;
		};
/* End PBXContainerItemProxy section */

/* Begin PBXFileReference section */
		EE54C81E25C4C60E00953AD8 /* note_MohaliAle_ios.app */ = {isa = PBXFileReference; explicitFileType = wrapper.application; includeInIndex = 0; path = note_MohaliAle_ios.app; sourceTree = BUILT_PRODUCTS_DIR; };
		EE54C82125C4C60E00953AD8 /* AppDelegate.swift */ = {isa = PBXFileReference; lastKnownFileType = sourcecode.swift; path = AppDelegate.swift; sourceTree = "<group>"; };
		EE54C82325C4C60E00953AD8 /* SceneDelegate.swift */ = {isa = PBXFileReference; lastKnownFileType = sourcecode.swift; path = SceneDelegate.swift; sourceTree = "<group>"; };
		EE54C82525C4C60E00953AD8 /* ViewController.swift */ = {isa = PBXFileReference; lastKnownFileType = sourcecode.swift; path = ViewController.swift; sourceTree = "<group>"; };
		EE54C82825C4C60E00953AD8 /* Base */ = {isa = PBXFileReference; lastKnownFileType = file.storyboard; name = Base; path = Base.lproj/Main.storyboard; sourceTree = "<group>"; };
		EE54C82B25C4C60E00953AD8 /* note_MohaliAle_ios.xcdatamodel */ = {isa = PBXFileReference; lastKnownFileType = wrapper.xcdatamodel; path = note_MohaliAle_ios.xcdatamodel; sourceTree = "<group>"; };
		EE54C82D25C4C61400953AD8 /* Assets.xcassets */ = {isa = PBXFileReference; lastKnownFileType = folder.assetcatalog; path = Assets.xcassets; sourceTree = "<group>"; };
		EE54C83025C4C61400953AD8 /* Base */ = {isa = PBXFileReference; lastKnownFileType = file.storyboard; name = Base; path = Base.lproj/LaunchScreen.storyboard; sourceTree = "<group>"; };
		EE54C83225C4C61400953AD8 /* Info.plist */ = {isa = PBXFileReference; lastKnownFileType = text.plist.xml; path = Info.plist; sourceTree = "<group>"; };
		EE54C83725C4C61400953AD8 /* note_MohaliAle_iosTests.xctest */ = {isa = PBXFileReference; explicitFileType = wrapper.cfbundle; includeInIndex = 0; path = note_MohaliAle_iosTests.xctest; sourceTree = BUILT_PRODUCTS_DIR; };
		EE54C83B25C4C61400953AD8 /* note_MohaliAle_iosTests.swift */ = {isa = PBXFileReference; lastKnownFileType = sourcecode.swift; path = note_MohaliAle_iosTests.swift; sourceTree = "<group>"; };
		EE54C83D25C4C61400953AD8 /* Info.plist */ = {isa = PBXFileReference; lastKnownFileType = text.plist.xml; path = Info.plist; sourceTree = "<group>"; };
		EE54C84225C4C61400953AD8 /* note_MohaliAle_iosUITests.xctest */ = {isa = PBXFileReference; explicitFileType = wrapper.cfbundle; includeInIndex = 0; path = note_MohaliAle_iosUITests.xctest; sourceTree = BUILT_PRODUCTS_DIR; };
		EE54C84625C4C61400953AD8 /* note_MohaliAle_iosUITests.swift */ = {isa = PBXFileReference; lastKnownFileType = sourcecode.swift; path = note_MohaliAle_iosUITests.swift; sourceTree = "<group>"; };
		EE54C84825C4C61400953AD8 /* Info.plist */ = {isa = PBXFileReference; lastKnownFileType = text.plist.xml; path = Info.plist; sourceTree = "<group>"; };
/* End PBXFileReference section */

/* Begin PBXFrameworksBuildPhase section */
		EE54C81B25C4C60E00953AD8 /* Frameworks */ = {
			isa = PBXFrameworksBuildPhase;
			buildActionMask = 2147483647;
			files = (
			);
			runOnlyForDeploymentPostprocessing = 0;
		};
		EE54C83425C4C61400953AD8 /* Frameworks */ = {
			isa = PBXFrameworksBuildPhase;
			buildActionMask = 2147483647;
			files = (
			);
			runOnlyForDeploymentPostprocessing = 0;
		};
		EE54C83F25C4C61400953AD8 /* Frameworks */ = {
			isa = PBXFrameworksBuildPhase;
			buildActionMask = 2147483647;
			files = (
			);
			runOnlyForDeploymentPostprocessing = 0;
		};
/* End PBXFrameworksBuildPhase section */

/* Begin PBXGroup section */
		EE54C81525C4C60E00953AD8 = {
			isa = PBXGroup;
			children = (
				EE54C82025C4C60E00953AD8 /* note_MohaliAle_ios */,
				EE54C83A25C4C61400953AD8 /* note_MohaliAle_iosTests */,
				EE54C84525C4C61400953AD8 /* note_MohaliAle_iosUITests */,
				EE54C81F25C4C60E00953AD8 /* Products */,
			);
			sourceTree = "<group>";
		};
		EE54C81F25C4C60E00953AD8 /* Products */ = {
			isa = PBXGroup;
			children = (
				EE54C81E25C4C60E00953AD8 /* note_MohaliAle_ios.app */,
				EE54C83725C4C61400953AD8 /* note_MohaliAle_iosTests.xctest */,
				EE54C84225C4C61400953AD8 /* note_MohaliAle_iosUITests.xctest */,
			);
			name = Products;
			sourceTree = "<group>";
		};
		EE54C82025C4C60E00953AD8 /* note_MohaliAle_ios */ = {
			isa = PBXGroup;
			children = (
				EE54C82125C4C60E00953AD8 /* AppDelegate.swift */,
				EE54C82325C4C60E00953AD8 /* SceneDelegate.swift */,
				EE54C82525C4C60E00953AD8 /* ViewController.swift */,
				EE54C82725C4C60E00953AD8 /* Main.storyboard */,
				EE54C82D25C4C61400953AD8 /* Assets.xcassets */,
				EE54C82F25C4C61400953AD8 /* LaunchScreen.storyboard */,
				EE54C83225C4C61400953AD8 /* Info.plist */,
				EE54C82A25C4C60E00953AD8 /* note_MohaliAle_ios.xcdatamodeld */,
			);
			path = note_MohaliAle_ios;
			sourceTree = "<group>";
		};
		EE54C83A25C4C61400953AD8 /* note_MohaliAle_iosTests */ = {
			isa = PBXGroup;
			children = (
				EE54C83B25C4C61400953AD8 /* note_MohaliAle_iosTests.swift */,
				EE54C83D25C4C61400953AD8 /* Info.plist */,
			);
			path = note_MohaliAle_iosTests;
			sourceTree = "<group>";
		};
		EE54C84525C4C61400953AD8 /* note_MohaliAle_iosUITests */ = {
			isa = PBXGroup;
			children = (
				EE54C84625C4C61400953AD8 /* note_MohaliAle_iosUITests.swift */,
				EE54C84825C4C61400953AD8 /* Info.plist */,
			);
			path = note_MohaliAle_iosUITests;
			sourceTree = "<group>";
		};
/* End PBXGroup section */

/* Begin PBXNativeTarget section */
		EE54C81D25C4C60E00953AD8 /* note_MohaliAle_ios */ = {
			isa = PBXNativeTarget;
			buildConfigurationList = EE54C84B25C4C61400953AD8 /* Build configuration list for PBXNativeTarget "note_MohaliAle_ios" */;
			buildPhases = (
				EE54C81A25C4C60E00953AD8 /* Sources */,
				EE54C81B25C4C60E00953AD8 /* Frameworks */,
				EE54C81C25C4C60E00953AD8 /* Resources */,
			);
			buildRules = (
			);
			dependencies = (
			);
			name = note_MohaliAle_ios;
			productName = note_MohaliAle_ios;
			productReference = EE54C81E25C4C60E00953AD8 /* note_MohaliAle_ios.app */;
			productType = "com.apple.product-type.application";
		};
		EE54C83625C4C61400953AD8 /* note_MohaliAle_iosTests */ = {
			isa = PBXNativeTarget;
			buildConfigurationList = EE54C84E25C4C61400953AD8 /* Build configuration list for PBXNativeTarget "note_MohaliAle_iosTests" */;
			buildPhases = (
				EE54C83325C4C61400953AD8 /* Sources */,
				EE54C83425C4C61400953AD8 /* Frameworks */,
				EE54C83525C4C61400953AD8 /* Resources */,
			);
			buildRules = (
			);
			dependencies = (
				EE54C83925C4C61400953AD8 /* PBXTargetDependency */,
			);
			name = note_MohaliAle_iosTests;
			productName = note_MohaliAle_iosTests;
			productReference = EE54C83725C4C61400953AD8 /* note_MohaliAle_iosTests.xctest */;
			productType = "com.apple.product-type.bundle.unit-test";
		};
		EE54C84125C4C61400953AD8 /* note_MohaliAle_iosUITests */ = {
			isa = PBXNativeTarget;
			buildConfigurationList = EE54C85125C4C61400953AD8 /* Build configuration list for PBXNativeTarget "note_MohaliAle_iosUITests" */;
			buildPhases = (
				EE54C83E25C4C61400953AD8 /* Sources */,
				EE54C83F25C4C61400953AD8 /* Frameworks */,
				EE54C84025C4C61400953AD8 /* Resources */,
			);
			buildRules = (
			);
			dependencies = (
				EE54C84425C4C61400953AD8 /* PBXTargetDependency */,
			);
			name = note_MohaliAle_iosUITests;
			productName = note_MohaliAle_iosUITests;
			productReference = EE54C84225C4C61400953AD8 /* note_MohaliAle_iosUITests.xctest */;
			productType = "com.apple.product-type.bundle.ui-testing";
		};
/* End PBXNativeTarget section */

/* Begin PBXProject section */
		EE54C81625C4C60E00953AD8 /* Project object */ = {
			isa = PBXProject;
			attributes = {
				LastSwiftUpdateCheck = 1130;
				LastUpgradeCheck = 1130;
				ORGANIZATIONNAME = "Amarvir Mac";
				TargetAttributes = {
					EE54C81D25C4C60E00953AD8 = {
						CreatedOnToolsVersion = 11.3.1;
					};
					EE54C83625C4C61400953AD8 = {
						CreatedOnToolsVersion = 11.3.1;
						TestTargetID = EE54C81D25C4C60E00953AD8;
					};
					EE54C84125C4C61400953AD8 = {
						CreatedOnToolsVersion = 11.3.1;
						TestTargetID = EE54C81D25C4C60E00953AD8;
					};
				};
			};
			buildConfigurationList = EE54C81925C4C60E00953AD8 /* Build configuration list for PBXProject "note_MohaliAle_ios" */;
			compatibilityVersion = "Xcode 9.3";
			developmentRegion = en;
			hasScannedForEncodings = 0;
			knownRegions = (
				en,
				Base,
			);
			mainGroup = EE54C81525C4C60E00953AD8;
			productRefGroup = EE54C81F25C4C60E00953AD8 /* Products */;
			projectDirPath = "";
			projectRoot = "";
			targets = (
				EE54C81D25C4C60E00953AD8 /* note_MohaliAle_ios */,
				EE54C83625C4C61400953AD8 /* note_MohaliAle_iosTests */,
				EE54C84125C4C61400953AD8 /* note_MohaliAle_iosUITests */,
			);
		};
/* End PBXProject section */

/* Begin PBXResourcesBuildPhase section */
		EE54C81C25C4C60E00953AD8 /* Resources */ = {
			isa = PBXResourcesBuildPhase;
			buildActionMask = 2147483647;
			files = (
				EE54C83125C4C61400953AD8 /* LaunchScreen.storyboard in Resources */,
				EE54C82E25C4C61400953AD8 /* Assets.xcassets in Resources */,
				EE54C82925C4C60E00953AD8 /* Main.storyboard in Resources */,
			);
			runOnlyForDeploymentPostprocessing = 0;
		};
		EE54C83525C4C61400953AD8 /* Resources */ = {
			isa = PBXResourcesBuildPhase;
			buildActionMask = 2147483647;
			files = (
			);
			runOnlyForDeploymentPostprocessing = 0;
		};
		EE54C84025C4C61400953AD8 /* Resources */ = {
			isa = PBXResourcesBuildPhase;
			buildActionMask = 2147483647;
			files = (
			);
			runOnlyForDeploymentPostprocessing = 0;
		};
/* End PBXResourcesBuildPhase section */

/* Begin PBXSourcesBuildPhase section */
		EE54C81A25C4C60E00953AD8 /* Sources */ = {
			isa = PBXSourcesBuildPhase;
			buildActionMask = 2147483647;
			files = (
				EE54C82625C4C60E00953AD8 /* ViewController.swift in Sources */,
				EE54C82225C4C60E00953AD8 /* AppDelegate.swift in Sources */,
				EE54C82C25C4C60E00953AD8 /* note_MohaliAle_ios.xcdatamodeld in Sources */,
				EE54C82425C4C60E00953AD8 /* SceneDelegate.swift in Sources */,
			);
			runOnlyForDeploymentPostprocessing = 0;
		};
		EE54C83325C4C61400953AD8 /* Sources */ = {
			isa = PBXSourcesBuildPhase;
			buildActionMask = 2147483647;
			files = (
				EE54C83C25C4C61400953AD8 /* note_MohaliAle_iosTests.swift in Sources */,
			);
			runOnlyForDeploymentPostprocessing = 0;
		};
		EE54C83E25C4C61400953AD8 /* Sources */ = {
			isa = PBXSourcesBuildPhase;
			buildActionMask = 2147483647;
			files = (
				EE54C84725C4C61400953AD8 /* note_MohaliAle_iosUITests.swift in Sources */,
			);
			runOnlyForDeploymentPostprocessing = 0;
		};
/* End PBXSourcesBuildPhase section */

/* Begin PBXTargetDependency section */
		EE54C83925C4C61400953AD8 /* PBXTargetDependency */ = {
			isa = PBXTargetDependency;
			target = EE54C81D25C4C60E00953AD8 /* note_MohaliAle_ios */;
			targetProxy = EE54C83825C4C61400953AD8 /* PBXContainerItemProxy */;
		};
		EE54C84425C4C61400953AD8 /* PBXTargetDependency */ = {
			isa = PBXTargetDependency;
			target = EE54C81D25C4C60E00953AD8 /* note_MohaliAle_ios */;
			targetProxy = EE54C84325C4C61400953AD8 /* PBXContainerItemProxy */;
		};
/* End PBXTargetDependency section */

/* Begin PBXVariantGroup section */
		EE54C82725C4C60E00953AD8 /* Main.storyboard */ = {
			isa = PBXVariantGroup;
			children = (
				EE54C82825C4C60E00953AD8 /* Base */,
			);
			name = Main.storyboard;
			sourceTree = "<group>";
		};
		EE54C82F25C4C61400953AD8 /* LaunchScreen.storyboard */ = {
			isa = PBXVariantGroup;
			children = (
				EE54C83025C4C61400953AD8 /* Base */,
			);
			name = LaunchScreen.storyboard;
			sourceTree = "<group>";
		};
/* End PBXVariantGroup section */

/* Begin XCBuildConfiguration section */
		EE54C84925C4C61400953AD8 /* Debug */ = {
			isa = XCBuildConfiguration;
			buildSettings = {
				ALWAYS_SEARCH_USER_PATHS = NO;
				CLANG_ANALYZER_NONNULL = YES;
				CLANG_ANALYZER_NUMBER_OBJECT_CONVERSION = YES_AGGRESSIVE;
				CLANG_CXX_LANGUAGE_STANDARD = "gnu++14";
				CLANG_CXX_LIBRARY = "libc++";
				CLANG_ENABLE_MODULES = YES;
				CLANG_ENABLE_OBJC_ARC = YES;
				CLANG_ENABLE_OBJC_WEAK = YES;
				CLANG_WARN_BLOCK_CAPTURE_AUTORELEASING = YES;
				CLANG_WARN_BOOL_CONVERSION = YES;
				CLANG_WARN_COMMA = YES;
				CLANG_WARN_CONSTANT_CONVERSION = YES;
				CLANG_WARN_DEPRECATED_OBJC_IMPLEMENTATIONS = YES;
				CLANG_WARN_DIRECT_OBJC_ISA_USAGE = YES_ERROR;
				CLANG_WARN_DOCUMENTATION_COMMENTS = YES;
				CLANG_WARN_EMPTY_BODY = YES;
				CLANG_WARN_ENUM_CONVERSION = YES;
				CLANG_WARN_INFINITE_RECURSION = YES;
				CLANG_WARN_INT_CONVERSION = YES;
				CLANG_WARN_NON_LITERAL_NULL_CONVERSION = YES;
				CLANG_WARN_OBJC_IMPLICIT_RETAIN_SELF = YES;
				CLANG_WARN_OBJC_LITERAL_CONVERSION = YES;
				CLANG_WARN_OBJC_ROOT_CLASS = YES_ERROR;
				CLANG_WARN_RANGE_LOOP_ANALYSIS = YES;
				CLANG_WARN_STRICT_PROTOTYPES = YES;
				CLANG_WARN_SUSPICIOUS_MOVE = YES;
				CLANG_WARN_UNGUARDED_AVAILABILITY = YES_AGGRESSIVE;
				CLANG_WARN_UNREACHABLE_CODE = YES;
				CLANG_WARN__DUPLICATE_METHOD_MATCH = YES;
				COPY_PHASE_STRIP = NO;
				DEBUG_INFORMATION_FORMAT = dwarf;
				ENABLE_STRICT_OBJC_MSGSEND = YES;
				ENABLE_TESTABILITY = YES;
				GCC_C_LANGUAGE_STANDARD = gnu11;
				GCC_DYNAMIC_NO_PIC = NO;
				GCC_NO_COMMON_BLOCKS = YES;
				GCC_OPTIMIZATION_LEVEL = 0;
				GCC_PREPROCESSOR_DEFINITIONS = (
					"DEBUG=1",
					"$(inherited)",
				);
				GCC_WARN_64_TO_32_BIT_CONVERSION = YES;
				GCC_WARN_ABOUT_RETURN_TYPE = YES_ERROR;
				GCC_WARN_UNDECLARED_SELECTOR = YES;
				GCC_WARN_UNINITIALIZED_AUTOS = YES_AGGRESSIVE;
				GCC_WARN_UNUSED_FUNCTION = YES;
				GCC_WARN_UNUSED_VARIABLE = YES;
				IPHONEOS_DEPLOYMENT_TARGET = 13.2;
				MTL_ENABLE_DEBUG_INFO = INCLUDE_SOURCE;
				MTL_FAST_MATH = YES;
				ONLY_ACTIVE_ARCH = YES;
				SDKROOT = iphoneos;
				SWIFT_ACTIVE_COMPILATION_CONDITIONS = DEBUG;
				SWIFT_OPTIMIZATION_LEVEL = "-Onone";
			};
			name = Debug;
		};
		EE54C84A25C4C61400953AD8 /* Release */ = {
			isa = XCBuildConfiguration;
			buildSettings = {
				ALWAYS_SEARCH_USER_PATHS = NO;
				CLANG_ANALYZER_NONNULL = YES;
				CLANG_ANALYZER_NUMBER_OBJECT_CONVERSION = YES_AGGRESSIVE;
				CLANG_CXX_LANGUAGE_STANDARD = "gnu++14";
				CLANG_CXX_LIBRARY = "libc++";
				CLANG_ENABLE_MODULES = YES;
				CLANG_ENABLE_OBJC_ARC = YES;
				CLANG_ENABLE_OBJC_WEAK = YES;
				CLANG_WARN_BLOCK_CAPTURE_AUTORELEASING = YES;
				CLANG_WARN_BOOL_CONVERSION = YES;
				CLANG_WARN_COMMA = YES;
				CLANG_WARN_CONSTANT_CONVERSION = YES;
				CLANG_WARN_DEPRECATED_OBJC_IMPLEMENTATIONS = YES;
				CLANG_WARN_DIRECT_OBJC_ISA_USAGE = YES_ERROR;
				CLANG_WARN_DOCUMENTATION_COMMENTS = YES;
				CLANG_WARN_EMPTY_BODY = YES;
				CLANG_WARN_ENUM_CONVERSION = YES;
				CLANG_WARN_INFINITE_RECURSION = YES;
				CLANG_WARN_INT_CONVERSION = YES;
				CLANG_WARN_NON_LITERAL_NULL_CONVERSION = YES;
				CLANG_WARN_OBJC_IMPLICIT_RETAIN_SELF = YES;
				CLANG_WARN_OBJC_LITERAL_CONVERSION = YES;
				CLANG_WARN_OBJC_ROOT_CLASS = YES_ERROR;
				CLANG_WARN_RANGE_LOOP_ANALYSIS = YES;
				CLANG_WARN_STRICT_PROTOTYPES = YES;
				CLANG_WARN_SUSPICIOUS_MOVE = YES;
				CLANG_WARN_UNGUARDED_AVAILABILITY = YES_AGGRESSIVE;
				CLANG_WARN_UNREACHABLE_CODE = YES;
				CLANG_WARN__DUPLICATE_METHOD_MATCH = YES;
				COPY_PHASE_STRIP = NO;
				DEBUG_INFORMATION_FORMAT = "dwarf-with-dsym";
				ENABLE_NS_ASSERTIONS = NO;
				ENABLE_STRICT_OBJC_MSGSEND = YES;
				GCC_C_LANGUAGE_STANDARD = gnu11;
				GCC_NO_COMMON_BLOCKS = YES;
				GCC_WARN_64_TO_32_BIT_CONVERSION = YES;
				GCC_WARN_ABOUT_RETURN_TYPE = YES_ERROR;
				GCC_WARN_UNDECLARED_SELECTOR = YES;
				GCC_WARN_UNINITIALIZED_AUTOS = YES_AGGRESSIVE;
				GCC_WARN_UNUSED_FUNCTION = YES;
				GCC_WARN_UNUSED_VARIABLE = YES;
				IPHONEOS_DEPLOYMENT_TARGET = 13.2;
				MTL_ENABLE_DEBUG_INFO = NO;
				MTL_FAST_MATH = YES;
				SDKROOT = iphoneos;
				SWIFT_COMPILATION_MODE = wholemodule;
				SWIFT_OPTIMIZATION_LEVEL = "-O";
				VALIDATE_PRODUCT = YES;
			};
			name = Release;
		};
		EE54C84C25C4C61400953AD8 /* Debug */ = {
			isa = XCBuildConfiguration;
			buildSettings = {
				ASSETCATALOG_COMPILER_APPICON_NAME = AppIcon;
				CODE_SIGN_STYLE = Automatic;
				INFOPLIST_FILE = note_MohaliAle_ios/Info.plist;
				LD_RUNPATH_SEARCH_PATHS = (
					"$(inherited)",
					"@executable_path/Frameworks",
				);
				PRODUCT_BUNDLE_IDENTIFIER = "com.Amar.note-MohaliAle-ios";
				PRODUCT_NAME = "$(TARGET_NAME)";
				SWIFT_VERSION = 5.0;
				TARGETED_DEVICE_FAMILY = "1,2";
			};
			name = Debug;
		};
		EE54C84D25C4C61400953AD8 /* Release */ = {
			isa = XCBuildConfiguration;
			buildSettings = {
				ASSETCATALOG_COMPILER_APPICON_NAME = AppIcon;
				CODE_SIGN_STYLE = Automatic;
				INFOPLIST_FILE = note_MohaliAle_ios/Info.plist;
				LD_RUNPATH_SEARCH_PATHS = (
					"$(inherited)",
					"@executable_path/Frameworks",
				);
				PRODUCT_BUNDLE_IDENTIFIER = "com.Amar.note-MohaliAle-ios";
				PRODUCT_NAME = "$(TARGET_NAME)";
				SWIFT_VERSION = 5.0;
				TARGETED_DEVICE_FAMILY = "1,2";
			};
			name = Release;
		};
		EE54C84F25C4C61400953AD8 /* Debug */ = {
			isa = XCBuildConfiguration;
			buildSettings = {
				ALWAYS_EMBED_SWIFT_STANDARD_LIBRARIES = YES;
				BUNDLE_LOADER = "$(TEST_HOST)";
				CODE_SIGN_STYLE = Automatic;
				INFOPLIST_FILE = note_MohaliAle_iosTests/Info.plist;
				IPHONEOS_DEPLOYMENT_TARGET = 13.2;
				LD_RUNPATH_SEARCH_PATHS = (
					"$(inherited)",
					"@executable_path/Frameworks",
					"@loader_path/Frameworks",
				);
				PRODUCT_BUNDLE_IDENTIFIER = "com.Amar.note-MohaliAle-iosTests";
				PRODUCT_NAME = "$(TARGET_NAME)";
				SWIFT_VERSION = 5.0;
				TARGETED_DEVICE_FAMILY = "1,2";
				TEST_HOST = "$(BUILT_PRODUCTS_DIR)/note_MohaliAle_ios.app/note_MohaliAle_ios";
			};
			name = Debug;
		};
		EE54C85025C4C61400953AD8 /* Release */ = {
			isa = XCBuildConfiguration;
			buildSettings = {
				ALWAYS_EMBED_SWIFT_STANDARD_LIBRARIES = YES;
				BUNDLE_LOADER = "$(TEST_HOST)";
				CODE_SIGN_STYLE = Automatic;
				INFOPLIST_FILE = note_MohaliAle_iosTests/Info.plist;
				IPHONEOS_DEPLOYMENT_TARGET = 13.2;
				LD_RUNPATH_SEARCH_PATHS = (
					"$(inherited)",
					"@executable_path/Frameworks",
					"@loader_path/Frameworks",
				);
				PRODUCT_BUNDLE_IDENTIFIER = "com.Amar.note-MohaliAle-iosTests";
				PRODUCT_NAME = "$(TARGET_NAME)";
				SWIFT_VERSION = 5.0;
				TARGETED_DEVICE_FAMILY = "1,2";
				TEST_HOST = "$(BUILT_PRODUCTS_DIR)/note_MohaliAle_ios.app/note_MohaliAle_ios";
			};
			name = Release;
		};
		EE54C85225C4C61400953AD8 /* Debug */ = {
			isa = XCBuildConfiguration;
			buildSettings = {
				ALWAYS_EMBED_SWIFT_STANDARD_LIBRARIES = YES;
				CODE_SIGN_STYLE = Automatic;
				INFOPLIST_FILE = note_MohaliAle_iosUITests/Info.plist;
				LD_RUNPATH_SEARCH_PATHS = (
					"$(inherited)",
					"@executable_path/Frameworks",
					"@loader_path/Frameworks",
				);
				PRODUCT_BUNDLE_IDENTIFIER = "com.Amar.note-MohaliAle-iosUITests";
				PRODUCT_NAME = "$(TARGET_NAME)";
				SWIFT_VERSION = 5.0;
				TARGETED_DEVICE_FAMILY = "1,2";
				TEST_TARGET_NAME = note_MohaliAle_ios;
			};
			name = Debug;
		};
		EE54C85325C4C61400953AD8 /* Release */ = {
			isa = XCBuildConfiguration;
			buildSettings = {
				ALWAYS_EMBED_SWIFT_STANDARD_LIBRARIES = YES;
				CODE_SIGN_STYLE = Automatic;
				INFOPLIST_FILE = note_MohaliAle_iosUITests/Info.plist;
				LD_RUNPATH_SEARCH_PATHS = (
					"$(inherited)",
					"@executable_path/Frameworks",
					"@loader_path/Frameworks",
				);
				PRODUCT_BUNDLE_IDENTIFIER = "com.Amar.note-MohaliAle-iosUITests";
				PRODUCT_NAME = "$(TARGET_NAME)";
				SWIFT_VERSION = 5.0;
				TARGETED_DEVICE_FAMILY = "1,2";
				TEST_TARGET_NAME = note_MohaliAle_ios;
			};
			name = Release;
		};
/* End XCBuildConfiguration section */

/* Begin XCConfigurationList section */
		EE54C81925C4C60E00953AD8 /* Build configuration list for PBXProject "note_MohaliAle_ios" */ = {
			isa = XCConfigurationList;
			buildConfigurations = (
				EE54C84925C4C61400953AD8 /* Debug */,
				EE54C84A25C4C61400953AD8 /* Release */,
			);
			defaultConfigurationIsVisible = 0;
			defaultConfigurationName = Release;
		};
		EE54C84B25C4C61400953AD8 /* Build configuration list for PBXNativeTarget "note_MohaliAle_ios" */ = {
			isa = XCConfigurationList;
			buildConfigurations = (
				EE54C84C25C4C61400953AD8 /* Debug */,
				EE54C84D25C4C61400953AD8 /* Release */,
			);
			defaultConfigurationIsVisible = 0;
			defaultConfigurationName = Release;
		};
		EE54C84E25C4C61400953AD8 /* Build configuration list for PBXNativeTarget "note_MohaliAle_iosTests" */ = {
			isa = XCConfigurationList;
			buildConfigurations = (
				EE54C84F25C4C61400953AD8 /* Debug */,
				EE54C85025C4C61400953AD8 /* Release */,
			);
			defaultConfigurationIsVisible = 0;
			defaultConfigurationName = Release;
		};
		EE54C85125C4C61400953AD8 /* Build configuration list for PBXNativeTarget "note_MohaliAle_iosUITests" */ = {
			isa = XCConfigurationList;
			buildConfigurations = (
				EE54C85225C4C61400953AD8 /* Debug */,
				EE54C85325C4C61400953AD8 /* Release */,
			);
			defaultConfigurationIsVisible = 0;
			defaultConfigurationName = Release;
		};
/* End XCConfigurationList section */

/* Begin XCVersionGroup section */
		EE54C82A25C4C60E00953AD8 /* note_MohaliAle_ios.xcdatamodeld */ = {
			isa = XCVersionGroup;
			children = (
				EE54C82B25C4C60E00953AD8 /* note_MohaliAle_ios.xcdatamodel */,
			);
			currentVersion = EE54C82B25C4C60E00953AD8 /* note_MohaliAle_ios.xcdatamodel */;
			path = note_MohaliAle_ios.xcdatamodeld;
			sourceTree = "<group>";
			versionGroupType = wrapper.xcdatamodel;
		};
/* End XCVersionGroup section */
	};
	rootObject = EE54C81625C4C60E00953AD8 /* Project object */;
}
